{
  "requires": true,
  "lockfileVersion": 1,
  "dependencies": {
    "@ngrx/store": {
      "version": "12.2.0",
      "resolved": "https://registry.npmjs.org/@ngrx/store/-/store-12.2.0.tgz",
      "integrity": "sha512-DV1Yu4VhuSV6OfeHFdKEhuQTcHTMkn0igT6V3/x/FpzJ8vaq7tAN78iALMydce+YX+FcdFgj3cr3URQfYfisMA==",
      "requires": {
        "tslib": "^2.0.0"
      }
    },
    "@ngrx/store-devtools": {
      "version": "12.2.0",
      "resolved": "https://registry.npmjs.org/@ngrx/store-devtools/-/store-devtools-12.2.0.tgz",
      "integrity": "sha512-R8GBVk1zki/IRl022v2LRWEx1yCS4xQdP1mpK5sbfY+yuxDouY3wkgT02Wb225TJthm9DE6xJOaXu5maHqgUHg==",
      "requires": {
        "tslib": "^2.0.0"
      }
    },
    "tslib": {
      "version": "2.3.0",
      "resolved": "https://registry.npmjs.org/tslib/-/tslib-2.3.0.tgz",
      "integrity": "sha512-N82ooyxVNm6h1riLCoyS9e3fuJ3AMG2zIZs2Gd1ATcSFjSA23Q0fzjjZeh0jbJvWVDZ0cJT8yaNNaaXHzueNjg=="
    }
  }
}
